
Microsoft Visual Studio Solution File, Format Version 12.00
# Visual Studio Version 17
VisualStudioVersion = 17.10.34916.146
MinimumVisualStudioVersion = 10.0.40219.1
Project("{FAE04EC0-301F-11D3-BF4B-00C04F79EFBC}") = "DetalleMascotas", "DetalleMascotas\DetalleMascotas.csproj", "{4578E91C-5286-468C-86EA-B38929E1D6A1}"
EndProject
Global
	GlobalSection(SolutionConfigurationPlatforms) = preSolution
		Debug|Any CPU = Debug|Any CPU
		Release|Any CPU = Release|Any CPU
	EndGlobalSection
	GlobalSection(ProjectConfigurationPlatforms) = postSolution
		{4578E91C-5286-468C-86EA-B38929E1D6A1}.Debug|Any CPU.ActiveCfg = Debug|Any CPU
		{4578E91C-5286-468C-86EA-B38929E1D6A1}.Debug|Any CPU.Build.0 = Debug|Any CPU
		{4578E91C-5286-468C-86EA-B38929E1D6A1}.Release|Any CPU.ActiveCfg = Release|Any CPU
		{4578E91C-5286-468C-86EA-B38929E1D6A1}.Release|Any CPU.Build.0 = Release|Any CPU
	EndGlobalSection
	GlobalSection(SolutionProperties) = preSolution
		HideSolutionNode = FALSE
	EndGlobalSection
	GlobalSection(ExtensibilityGlobals) = postSolution
		SolutionGuid = {887D7E05-3346-4E67-98D2-062525AB5B8F}
	EndGlobalSection
EndGlobal
